// !$*UTF8*$!
{
	archiveVersion = 1;
	classes = {
	};
	objectVersion = 46;
	objects = {

/* Begin PBXBuildFile section */
		9C5C62101AD6F53B00E32937 /* DrawerControllerFramework.h in Headers */ = {isa = PBXBuildFile; fileRef = 9C5C620F1AD6F53B00E32937 /* DrawerControllerFramework.h */; settings = {ATTRIBUTES = (Public, ); }; };
		9C5C62161AD6F53B00E32937 /* DrawerControllerFramework.framework in Frameworks */ = {isa = PBXBuildFile; fileRef = 9C5C620A1AD6F53B00E32937 /* DrawerControllerFramework.framework */; };
		9C5C621D1AD6F53B00E32937 /* DrawerControllerFrameworkTests.swift in Sources */ = {isa = PBXBuildFile; fileRef = 9C5C621C1AD6F53B00E32937 /* DrawerControllerFrameworkTests.swift */; };
		9C5C622A1AD6F5FE00E32937 /* AnimatedMenuButton.swift in Sources */ = {isa = PBXBuildFile; fileRef = 9C5C62261AD6F5FE00E32937 /* AnimatedMenuButton.swift */; };
		9C5C622B1AD6F5FE00E32937 /* DrawerBarButtonItem.swift in Sources */ = {isa = PBXBuildFile; fileRef = 9C5C62271AD6F5FE00E32937 /* DrawerBarButtonItem.swift */; };
		9C5C622C1AD6F5FE00E32937 /* DrawerController.swift in Sources */ = {isa = PBXBuildFile; fileRef = 9C5C62281AD6F5FE00E32937 /* DrawerController.swift */; };
		9C5C622D1AD6F5FE00E32937 /* DrawerVisualState.swift in Sources */ = {isa = PBXBuildFile; fileRef = 9C5C62291AD6F5FE00E32937 /* DrawerVisualState.swift */; };
/* End PBXBuildFile section */

/* Begin PBXContainerItemProxy section */
		9C5C62171AD6F53B00E32937 /* PBXContainerItemProxy */ = {
			isa = PBXContainerItemProxy;
			containerPortal = 9C5C62011AD6F53B00E32937 /* Project object */;
			proxyType = 1;
			remoteGlobalIDString = 9C5C62091AD6F53B00E32937;
			remoteInfo = DrawerControllerFramework;
		};
/* End PBXContainerItemProxy section */

/* Begin PBXFileReference section */
		9C5C620A1AD6F53B00E32937 /* DrawerControllerFramework.framework */ = {isa = PBXFileReference; explicitFileType = wrapper.framework; includeInIndex = 0; path = DrawerControllerFramework.framework; sourceTree = BUILT_PRODUCTS_DIR; };
		9C5C620E1AD6F53B00E32937 /* Info.plist */ = {isa = PBXFileReference; lastKnownFileType = text.plist.xml; path = Info.plist; sourceTree = "<group>"; };
		9C5C620F1AD6F53B00E32937 /* DrawerControllerFramework.h */ = {isa = PBXFileReference; lastKnownFileType = sourcecode.c.h; path = DrawerControllerFramework.h; sourceTree = "<group>"; };
		9C5C62151AD6F53B00E32937 /* DrawerControllerFrameworkTests.xctest */ = {isa = PBXFileReference; explicitFileType = wrapper.cfbundle; includeInIndex = 0; path = DrawerControllerFrameworkTests.xctest; sourceTree = BUILT_PRODUCTS_DIR; };
		9C5C621B1AD6F53B00E32937 /* Info.plist */ = {isa = PBXFileReference; lastKnownFileType = text.plist.xml; path = Info.plist; sourceTree = "<group>"; };
		9C5C621C1AD6F53B00E32937 /* DrawerControllerFrameworkTests.swift */ = {isa = PBXFileReference; lastKnownFileType = sourcecode.swift; path = DrawerControllerFrameworkTests.swift; sourceTree = "<group>"; };
		9C5C62261AD6F5FE00E32937 /* AnimatedMenuButton.swift */ = {isa = PBXFileReference; fileEncoding = 4; lastKnownFileType = sourcecode.swift; name = AnimatedMenuButton.swift; path = ../../DrawerController/AnimatedMenuButton.swift; sourceTree = "<group>"; };
		9C5C62271AD6F5FE00E32937 /* DrawerBarButtonItem.swift */ = {isa = PBXFileReference; fileEncoding = 4; lastKnownFileType = sourcecode.swift; name = DrawerBarButtonItem.swift; path = ../../DrawerController/DrawerBarButtonItem.swift; sourceTree = "<group>"; };
		9C5C62281AD6F5FE00E32937 /* DrawerController.swift */ = {isa = PBXFileReference; fileEncoding = 4; lastKnownFileType = sourcecode.swift; name = DrawerController.swift; path = ../../DrawerController/DrawerController.swift; sourceTree = "<group>"; };
		9C5C62291AD6F5FE00E32937 /* DrawerVisualState.swift */ = {isa = PBXFileReference; fileEncoding = 4; lastKnownFileType = sourcecode.swift; name = DrawerVisualState.swift; path = ../../DrawerController/DrawerVisualState.swift; sourceTree = "<group>"; };
/* End PBXFileReference section */

/* Begin PBXFrameworksBuildPhase section */
		9C5C62061AD6F53B00E32937 /* Frameworks */ = {
			isa = PBXFrameworksBuildPhase;
			buildActionMask = 2147483647;
			files = (
			);
			runOnlyForDeploymentPostprocessing = 0;
		};
		9C5C62121AD6F53B00E32937 /* Frameworks */ = {
			isa = PBXFrameworksBuildPhase;
			buildActionMask = 2147483647;
			files = (
				9C5C62161AD6F53B00E32937 /* DrawerControllerFramework.framework in Frameworks */,
			);
			runOnlyForDeploymentPostprocessing = 0;
		};
/* End PBXFrameworksBuildPhase section */

/* Begin PBXGroup section */
		9C5C62001AD6F53B00E32937 = {
			isa = PBXGroup;
			children = (
				9C5C620C1AD6F53B00E32937 /* DrawerControllerFramework */,
				9C5C62191AD6F53B00E32937 /* DrawerControllerFrameworkTests */,
				9C5C620B1AD6F53B00E32937 /* Products */,
			);
			sourceTree = "<group>";
		};
		9C5C620B1AD6F53B00E32937 /* Products */ = {
			isa = PBXGroup;
			children = (
				9C5C620A1AD6F53B00E32937 /* DrawerControllerFramework.framework */,
				9C5C62151AD6F53B00E32937 /* DrawerControllerFrameworkTests.xctest */,
			);
			name = Products;
			sourceTree = "<group>";
		};
		9C5C620C1AD6F53B00E32937 /* DrawerControllerFramework */ = {
			isa = PBXGroup;
			children = (
				9C5C62261AD6F5FE00E32937 /* AnimatedMenuButton.swift */,
				9C5C62271AD6F5FE00E32937 /* DrawerBarButtonItem.swift */,
				9C5C62281AD6F5FE00E32937 /* DrawerController.swift */,
				9C5C62291AD6F5FE00E32937 /* DrawerVisualState.swift */,
				9C5C620F1AD6F53B00E32937 /* DrawerControllerFramework.h */,
				9C5C620D1AD6F53B00E32937 /* Supporting Files */,
			);
			path = DrawerControllerFramework;
			sourceTree = "<group>";
		};
		9C5C620D1AD6F53B00E32937 /* Supporting Files */ = {
			isa = PBXGroup;
			children = (
				9C5C620E1AD6F53B00E32937 /* Info.plist */,
			);
			name = "Supporting Files";
			sourceTree = "<group>";
		};
		9C5C62191AD6F53B00E32937 /* DrawerControllerFrameworkTests */ = {
			isa = PBXGroup;
			children = (
				9C5C621C1AD6F53B00E32937 /* DrawerControllerFrameworkTests.swift */,
				9C5C621A1AD6F53B00E32937 /* Supporting Files */,
			);
			path = DrawerControllerFrameworkTests;
			sourceTree = "<group>";
		};
		9C5C621A1AD6F53B00E32937 /* Supporting Files */ = {
			isa = PBXGroup;
			children = (
				9C5C621B1AD6F53B00E32937 /* Info.plist */,
			);
			name = "Supporting Files";
			sourceTree = "<group>";
		};
/* End PBXGroup section */

/* Begin PBXHeadersBuildPhase section */
		9C5C62071AD6F53B00E32937 /* Headers */ = {
			isa = PBXHeadersBuildPhase;
			buildActionMask = 2147483647;
			files = (
				9C5C62101AD6F53B00E32937 /* DrawerControllerFramework.h in Headers */,
			);
			runOnlyForDeploymentPostprocessing = 0;
		};
/* End PBXHeadersBuildPhase section */

/* Begin PBXNativeTarget section */
		9C5C62091AD6F53B00E32937 /* DrawerControllerFramework */ = {
			isa = PBXNativeTarget;
			buildConfigurationList = 9C5C62201AD6F53B00E32937 /* Build configuration list for PBXNativeTarget "DrawerControllerFramework" */;
			buildPhases = (
				9C5C62051AD6F53B00E32937 /* Sources */,
				9C5C62061AD6F53B00E32937 /* Frameworks */,
				9C5C62071AD6F53B00E32937 /* Headers */,
				9C5C62081AD6F53B00E32937 /* Resources */,
			);
			buildRules = (
			);
			dependencies = (
			);
			name = DrawerControllerFramework;
			productName = DrawerControllerFramework;
			productReference = 9C5C620A1AD6F53B00E32937 /* DrawerControllerFramework.framework */;
			productType = "com.apple.product-type.framework";
		};
		9C5C62141AD6F53B00E32937 /* DrawerControllerFrameworkTests */ = {
			isa = PBXNativeTarget;
			buildConfigurationList = 9C5C62231AD6F53B00E32937 /* Build configuration list for PBXNativeTarget "DrawerControllerFrameworkTests" */;
			buildPhases = (
				9C5C62111AD6F53B00E32937 /* Sources */,
				9C5C62121AD6F53B00E32937 /* Frameworks */,
				9C5C62131AD6F53B00E32937 /* Resources */,
			);
			buildRules = (
			);
			dependencies = (
				9C5C62181AD6F53B00E32937 /* PBXTargetDependency */,
			);
			name = DrawerControllerFrameworkTests;
			productName = DrawerControllerFrameworkTests;
			productReference = 9C5C62151AD6F53B00E32937 /* DrawerControllerFrameworkTests.xctest */;
			productType = "com.apple.product-type.bundle.unit-test";
		};
/* End PBXNativeTarget section */

/* Begin PBXProject section */
		9C5C62011AD6F53B00E32937 /* Project object */ = {
			isa = PBXProject;
			attributes = {
				LastUpgradeCheck = 0630;
				ORGANIZATIONNAME = "Project Decibel";
				TargetAttributes = {
					9C5C62091AD6F53B00E32937 = {
						CreatedOnToolsVersion = 6.3;
					};
					9C5C62141AD6F53B00E32937 = {
						CreatedOnToolsVersion = 6.3;
					};
				};
			};
			buildConfigurationList = 9C5C62041AD6F53B00E32937 /* Build configuration list for PBXProject "DrawerControllerFramework" */;
			compatibilityVersion = "Xcode 3.2";
			developmentRegion = English;
			hasScannedForEncodings = 0;
			knownRegions = (
				en,
			);
			mainGroup = 9C5C62001AD6F53B00E32937;
			productRefGroup = 9C5C620B1AD6F53B00E32937 /* Products */;
			projectDirPath = "";
			projectRoot = "";
			targets = (
				9C5C62091AD6F53B00E32937 /* DrawerControllerFramework */,
				9C5C62141AD6F53B00E32937 /* DrawerControllerFrameworkTests */,
			);
		};
/* End PBXProject section */

/* Begin PBXResourcesBuildPhase section */
		9C5C62081AD6F53B00E32937 /* Resources */ = {
			isa = PBXResourcesBuildPhase;
			buildActionMask = 2147483647;
			files = (
			);
			runOnlyForDeploymentPostprocessing = 0;
		};
		9C5C62131AD6F53B00E32937 /* Resources */ = {
			isa = PBXResourcesBuildPhase;
			buildActionMask = 2147483647;
			files = (
			);
			runOnlyForDeploymentPostprocessing = 0;
		};
/* End PBXResourcesBuildPhase section */

/* Begin PBXSourcesBuildPhase section */
		9C5C62051AD6F53B00E32937 /* Sources */ = {
			isa = PBXSourcesBuildPhase;
			buildActionMask = 2147483647;
			files = (
				9C5C622D1AD6F5FE00E32937 /* DrawerVisualState.swift in Sources */,
				9C5C622A1AD6F5FE00E32937 /* AnimatedMenuButton.swift in Sources */,
				9C5C622B1AD6F5FE00E32937 /* DrawerBarButtonItem.swift in Sources */,
				9C5C622C1AD6F5FE00E32937 /* DrawerController.swift in Sources */,
			);
			runOnlyForDeploymentPostprocessing = 0;
		};
		9C5C62111AD6F53B00E32937 /* Sources */ = {
			isa = PBXSourcesBuildPhase;
			buildActionMask = 2147483647;
			files = (
				9C5C621D1AD6F53B00E32937 /* DrawerControllerFrameworkTests.swift in Sources */,
			);
			runOnlyForDeploymentPostprocessing = 0;
		};
/* End PBXSourcesBuildPhase section */

/* Begin PBXTargetDependency section */
		9C5C62181AD6F53B00E32937 /* PBXTargetDependency */ = {
			isa = PBXTargetDependency;
			target = 9C5C62091AD6F53B00E32937 /* DrawerControllerFramework */;
			targetProxy = 9C5C62171AD6F53B00E32937 /* PBXContainerItemProxy */;
		};
/* End PBXTargetDependency section */

/* Begin XCBuildConfiguration section */
		9C5C621E1AD6F53B00E32937 /* Debug */ = {
			isa = XCBuildConfiguration;
			buildSettings = {
				ALWAYS_SEARCH_USER_PATHS = NO;
				CLANG_CXX_LANGUAGE_STANDARD = "gnu++0x";
				CLANG_CXX_LIBRARY = "libc++";
				CLANG_ENABLE_MODULES = YES;
				CLANG_ENABLE_OBJC_ARC = YES;
				CLANG_WARN_BOOL_CONVERSION = YES;
				CLANG_WARN_CONSTANT_CONVERSION = YES;
				CLANG_WARN_DIRECT_OBJC_ISA_USAGE = YES_ERROR;
				CLANG_WARN_EMPTY_BODY = YES;
				CLANG_WARN_ENUM_CONVERSION = YES;
				CLANG_WARN_INT_CONVERSION = YES;
				CLANG_WARN_OBJC_ROOT_CLASS = YES_ERROR;
				CLANG_WARN_UNREACHABLE_CODE = YES;
				CLANG_WARN__DUPLICATE_METHOD_MATCH = YES;
				"CODE_SIGN_IDENTITY[sdk=iphoneos*]" = "iPhone Developer";
				COPY_PHASE_STRIP = NO;
				CURRENT_PROJECT_VERSION = 1;
				DEBUG_INFORMATION_FORMAT = "dwarf-with-dsym";
				ENABLE_STRICT_OBJC_MSGSEND = YES;
				GCC_C_LANGUAGE_STANDARD = gnu99;
				GCC_DYNAMIC_NO_PIC = NO;
				GCC_NO_COMMON_BLOCKS = YES;
				GCC_OPTIMIZATION_LEVEL = 0;
				GCC_PREPROCESSOR_DEFINITIONS = (
					"DEBUG=1",
					"$(inherited)",
				);
				GCC_SYMBOLS_PRIVATE_EXTERN = NO;
				GCC_WARN_64_TO_32_BIT_CONVERSION = YES;
				GCC_WARN_ABOUT_RETURN_TYPE = YES_ERROR;
				GCC_WARN_UNDECLARED_SELECTOR = YES;
				GCC_WARN_UNINITIALIZED_AUTOS = YES_AGGRESSIVE;
				GCC_WARN_UNUSED_FUNCTION = YES;
				GCC_WARN_UNUSED_VARIABLE = YES;
				IPHONEOS_DEPLOYMENT_TARGET = 8.0;
				MTL_ENABLE_DEBUG_INFO = YES;
				ONLY_ACTIVE_ARCH = YES;
				SDKROOT = iphoneos;
				SWIFT_OPTIMIZATION_LEVEL = "-Onone";
				TARGETED_DEVICE_FAMILY = "1,2";
				VERSIONING_SYSTEM = "apple-generic";
				VERSION_INFO_PREFIX = "";
			};
			name = Debug;
		};
		9C5C621F1AD6F53B00E32937 /* Release */ = {
			isa = XCBuildConfiguration;
			buildSettings = {
				ALWAYS_SEARCH_USER_PATHS = NO;
				CLANG_CXX_LANGUAGE_STANDARD = "gnu++0x";
				CLANG_CXX_LIBRARY = "libc++";
				CLANG_ENABLE_MODULES = YES;
				CLANG_ENABLE_OBJC_ARC = YES;
				CLANG_WARN_BOOL_CONVERSION = YES;
				CLANG_WARN_CONSTANT_CONVERSION = YES;
				CLANG_WARN_DIRECT_OBJC_ISA_USAGE = YES_ERROR;
				CLANG_WARN_EMPTY_BODY = YES;
				CLANG_WARN_ENUM_CONVERSION = YES;
				CLANG_WARN_INT_CONVERSION = YES;
				CLANG_WARN_OBJC_ROOT_CLASS = YES_ERROR;
				CLANG_WARN_UNREACHABLE_CODE = YES;
				CLANG_WARN__DUPLICATE_METHOD_MATCH = YES;
				"CODE_SIGN_IDENTITY[sdk=iphoneos*]" = "iPhone Developer";
				COPY_PHASE_STRIP = NO;
				CURRENT_PROJECT_VERSION = 1;
				DEBUG_INFORMATION_FORMAT = "dwarf-with-dsym";
				ENABLE_NS_ASSERTIONS = NO;
				ENABLE_STRICT_OBJC_MSGSEND = YES;
				GCC_C_LANGUAGE_STANDARD = gnu99;
				GCC_NO_COMMON_BLOCKS = YES;
				GCC_WARN_64_TO_32_BIT_CONVERSION = YES;
				GCC_WARN_ABOUT_RETURN_TYPE = YES_ERROR;
				GCC_WARN_UNDECLARED_SELECTOR = YES;
				GCC_WARN_UNINITIALIZED_AUTOS = YES_AGGRESSIVE;
				GCC_WARN_UNUSED_FUNCTION = YES;
				GCC_WARN_UNUSED_VARIABLE = YES;
				IPHONEOS_DEPLOYMENT_TARGET = 8.0;
				MTL_ENABLE_DEBUG_INFO = NO;
				SDKROOT = iphoneos;
				TARGETED_DEVICE_FAMILY = "1,2";
				VALIDATE_PRODUCT = YES;
				VERSIONING_SYSTEM = "apple-generic";
				VERSION_INFO_PREFIX = "";
			};
			name = Release;
		};
		9C5C62211AD6F53B00E32937 /* Debug */ = {
			isa = XCBuildConfiguration;
			buildSettings = {
				CLANG_ENABLE_MODULES = YES;
				DEFINES_MODULE = YES;
				DYLIB_COMPATIBILITY_VERSION = 1;
				DYLIB_CURRENT_VERSION = 1;
				DYLIB_INSTALL_NAME_BASE = "@rpath";
				INFOPLIST_FILE = DrawerControllerFramework/Info.plist;
				INSTALL_PATH = "$(LOCAL_LIBRARY_DIR)/Frameworks";
				IPHONEOS_DEPLOYMENT_TARGET = 8.0;
				LD_RUNPATH_SEARCH_PATHS = "$(inherited) @executable_path/Frameworks @loader_path/Frameworks";
				PRODUCT_NAME = "$(TARGET_NAME)";
				SKIP_INSTALL = YES;
				SWIFT_OPTIMIZATION_LEVEL = "-Onone";
			};
			name = Debug;
		};
		9C5C62221AD6F53B00E32937 /* Release */ = {
			isa = XCBuildConfiguration;
			buildSettings = {
				CLANG_ENABLE_MODULES = YES;
				DEFINES_MODULE = YES;
				DYLIB_COMPATIBILITY_VERSION = 1;
				DYLIB_CURRENT_VERSION = 1;
				DYLIB_INSTALL_NAME_BASE = "@rpath";
				INFOPLIST_FILE = DrawerControllerFramework/Info.plist;
				INSTALL_PATH = "$(LOCAL_LIBRARY_DIR)/Frameworks";
				IPHONEOS_DEPLOYMENT_TARGET = 8.0;
				LD_RUNPATH_SEARCH_PATHS = "$(inherited) @executable_path/Frameworks @loader_path/Frameworks";
				PRODUCT_NAME = "$(TARGET_NAME)";
				SKIP_INSTALL = YES;
			};
			name = Release;
		};
		9C5C62241AD6F53B00E32937 /* Debug */ = {
			isa = XCBuildConfiguration;
			buildSettings = {
				FRAMEWORK_SEARCH_PATHS = (
					"$(SDKROOT)/Developer/Library/Frameworks",
					"$(inherited)",
				);
				GCC_PREPROCESSOR_DEFINITIONS = (
					"DEBUG=1",
					"$(inherited)",
				);
				INFOPLIST_FILE = DrawerControllerFrameworkTests/Info.plist;
				LD_RUNPATH_SEARCH_PATHS = "$(inherited) @executable_path/Frameworks @loader_path/Frameworks";
				PRODUCT_NAME = "$(TARGET_NAME)";
			};
			name = Debug;
		};
		9C5C62251AD6F53B00E32937 /* Release */ = {
			isa = XCBuildConfiguration;
			buildSettings = {
				FRAMEWORK_SEARCH_PATHS = (
					"$(SDKROOT)/Developer/Library/Frameworks",
					"$(inherited)",
				);
				INFOPLIST_FILE = DrawerControllerFrameworkTests/Info.plist;
				LD_RUNPATH_SEARCH_PATHS = "$(inherited) @executable_path/Frameworks @loader_path/Frameworks";
				PRODUCT_NAME = "$(TARGET_NAME)";
			};
			name = Release;
		};
/* End XCBuildConfiguration section */

/* Begin XCConfigurationList section */
		9C5C62041AD6F53B00E32937 /* Build configuration list for PBXProject "DrawerControllerFramework" */ = {
			isa = XCConfigurationList;
			buildConfigurations = (
				9C5C621E1AD6F53B00E32937 /* Debug */,
				9C5C621F1AD6F53B00E32937 /* Release */,
			);
			defaultConfigurationIsVisible = 0;
			defaultConfigurationName = Release;
		};
		9C5C62201AD6F53B00E32937 /* Build configuration list for PBXNativeTarget "DrawerControllerFramework" */ = {
			isa = XCConfigurationList;
			buildConfigurations = (
				9C5C62211AD6F53B00E32937 /* Debug */,
				9C5C62221AD6F53B00E32937 /* Release */,
			);
			defaultConfigurationIsVisible = 0;
		};
		9C5C62231AD6F53B00E32937 /* Build configuration list for PBXNativeTarget "DrawerControllerFrameworkTests" */ = {
			isa = XCConfigurationList;
			buildConfigurations = (
				9C5C62241AD6F53B00E32937 /* Debug */,
				9C5C62251AD6F53B00E32937 /* Release */,
			);
			defaultConfigurationIsVisible = 0;
		};
/* End XCConfigurationList section */
	};
	rootObject = 9C5C62011AD6F53B00E32937 /* Project object */;
}
